PODS:
  - ALCoreDataManager (0.2.3)
  - Expecta (1.0.3)
  - Specta (1.0.4)

DEPENDENCIES:
  - ALCoreDataManager (from `../`)
  - Expecta
  - Specta

EXTERNAL SOURCES:
  ALCoreDataManager:
    :path: "../"

SPEC CHECKSUMS:
  ALCoreDataManager: 3daa7b2d64db341161d390c18a15237935a69e67
  Expecta: 9d1bff6c8b0eeee73a166a2ee898892478927a15
  Specta: 69bb134672aae190a1379ff91df07dad8dd1f869

COCOAPODS: 0.38.2
