PODS:
  - ALCoreDataManager (0.2.0)
  - Expecta (0.3.2)
  - Specta (0.2.1)

DEPENDENCIES:
  - ALCoreDataManager (from `../`)
  - Expecta
  - Specta (~> 0.2.1)

EXTERNAL SOURCES:
  ALCoreDataManager:
    :path: ../

SPEC CHECKSUMS:
  ALCoreDataManager: 08230e0726918ce2f1d4ccc51662c299ce0adb3f
  Expecta: ee641011fe10aa1855d487b40e4976dac50ec342
  Specta: 9141310f46b1f68b676650ff2854e1ed0b74163a

COCOAPODS: 0.35.0
