PODS:
  - ALCoreDataManager (0.2.3)
  - Expecta (1.0.3)
  - OCHamcrest (4.2.0)
  - OCMockito (1.4.0):
    - OCHamcrest (~> 4.0)
  - Specta (0.2.1)

DEPENDENCIES:
  - ALCoreDataManager (from `../`)
  - Expecta
  - OCMockito (~> 1.0)
  - Specta (~> 0.2.1)

EXTERNAL SOURCES:
  ALCoreDataManager:
    :path: "../"

SPEC CHECKSUMS:
  ALCoreDataManager: 3daa7b2d64db341161d390c18a15237935a69e67
  Expecta: 9d1bff6c8b0eeee73a166a2ee898892478927a15
  OCHamcrest: c14c0b3f4c4e99363e5b87d97bae38c4438b6d5d
  OCMockito: 4981140c9a9ec06c31af40f636e3c0f25f27e6b2
  Specta: 15a276a6343867b426d5ed135d5aa4d04123a573

COCOAPODS: 0.38.2
